
Microsoft Visual Studio Solution File, Format Version 12.00
# Visual Studio Version 17
VisualStudioVersion = 17.3.32922.545
MinimumVisualStudioVersion = 10.0.40219.1
Project("{8BC9CEB8-8B4A-11D0-8D11-00A0C91BC942}") = "papildomaUzduotis", "papildomaUzduotis\papildomaUzduotis.vcxproj", "{0C83BFDD-DD2F-42E3-BFB7-E7F899C74ABE}"
EndProject
Global
	GlobalSection(SolutionConfigurationPlatforms) = preSolution
		Debug|x64 = Debug|x64
		Debug|x86 = Debug|x86
		Release|x64 = Release|x64
		Release|x86 = Release|x86
	EndGlobalSection
	GlobalSection(ProjectConfigurationPlatforms) = postSolution
		{0C83BFDD-DD2F-42E3-BFB7-E7F899C74ABE}.Debug|x64.ActiveCfg = Debug|x64
		{0C83BFDD-DD2F-42E3-BFB7-E7F899C74ABE}.Debug|x64.Build.0 = Debug|x64
		{0C83BFDD-DD2F-42E3-BFB7-E7F899C74ABE}.Debug|x86.ActiveCfg = Debug|Win32
		{0C83BFDD-DD2F-42E3-BFB7-E7F899C74ABE}.Debug|x86.Build.0 = Debug|Win32
		{0C83BFDD-DD2F-42E3-BFB7-E7F899C74ABE}.Release|x64.ActiveCfg = Release|x64
		{0C83BFDD-DD2F-42E3-BFB7-E7F899C74ABE}.Release|x64.Build.0 = Release|x64
		{0C83BFDD-DD2F-42E3-BFB7-E7F899C74ABE}.Release|x86.ActiveCfg = Release|Win32
		{0C83BFDD-DD2F-42E3-BFB7-E7F899C74ABE}.Release|x86.Build.0 = Release|Win32
	EndGlobalSection
	GlobalSection(SolutionProperties) = preSolution
		HideSolutionNode = FALSE
	EndGlobalSection
	GlobalSection(ExtensibilityGlobals) = postSolution
		SolutionGuid = {80C78D2D-E739-4A90-9C46-FF9AED88DE34}
	EndGlobalSection
EndGlobal
