
Microsoft Visual Studio Solution File, Format Version 12.00
# Visual Studio Version 17
VisualStudioVersion = 17.3.32922.545
MinimumVisualStudioVersion = 10.0.40219.1
Project("{8BC9CEB8-8B4A-11D0-8D11-00A0C91BC942}") = "V0_2", "V0_2\V0_2.vcxproj", "{F6F3BDD6-58D2-44AB-A485-FF8C2C2533CC}"
EndProject
Global
	GlobalSection(SolutionConfigurationPlatforms) = preSolution
		Debug|x64 = Debug|x64
		Debug|x86 = Debug|x86
		Release|x64 = Release|x64
		Release|x86 = Release|x86
	EndGlobalSection
	GlobalSection(ProjectConfigurationPlatforms) = postSolution
		{F6F3BDD6-58D2-44AB-A485-FF8C2C2533CC}.Debug|x64.ActiveCfg = Debug|x64
		{F6F3BDD6-58D2-44AB-A485-FF8C2C2533CC}.Debug|x64.Build.0 = Debug|x64
		{F6F3BDD6-58D2-44AB-A485-FF8C2C2533CC}.Debug|x86.ActiveCfg = Debug|Win32
		{F6F3BDD6-58D2-44AB-A485-FF8C2C2533CC}.Debug|x86.Build.0 = Debug|Win32
		{F6F3BDD6-58D2-44AB-A485-FF8C2C2533CC}.Release|x64.ActiveCfg = Release|x64
		{F6F3BDD6-58D2-44AB-A485-FF8C2C2533CC}.Release|x64.Build.0 = Release|x64
		{F6F3BDD6-58D2-44AB-A485-FF8C2C2533CC}.Release|x86.ActiveCfg = Release|Win32
		{F6F3BDD6-58D2-44AB-A485-FF8C2C2533CC}.Release|x86.Build.0 = Release|Win32
	EndGlobalSection
	GlobalSection(SolutionProperties) = preSolution
		HideSolutionNode = FALSE
	EndGlobalSection
	GlobalSection(ExtensibilityGlobals) = postSolution
		SolutionGuid = {0C4863B5-B15C-4598-8CF6-25C5E2CE9378}
	EndGlobalSection
EndGlobal
